# This file is generated by running "yarn install" inside your project.
# Manual changes might be lost - proceed with caution!

__metadata:
  version: 8
  cacheKey: 10c0

"@adraffy/ens-normalize@npm:^1.10.1":
  version: 1.11.0
  resolution: "@adraffy/ens-normalize@npm:1.11.0"
  checksum: 10c0/5111d0f1a273468cb5661ed3cf46ee58de8f32f84e2ebc2365652e66c1ead82649df94c736804e2b9cfa831d30ef24e1cc3575d970dbda583416d3a98d8870a6
  languageName: node
  linkType: hard

"@metamask/auto-changelog@npm:^3.4.4":
  version: 3.4.4
  resolution: "@metamask/auto-changelog@npm:3.4.4"
  dependencies:
    diff: "npm:^5.0.0"
    execa: "npm:^5.1.1"
    prettier: "npm:^2.8.8"
    semver: "npm:^7.3.5"
    yargs: "npm:^17.0.1"
  bin:
    auto-changelog: dist/cli.js
  checksum: 10c0/df94cd5df320416d536f8de75932b497631d026afc195f8f1c191c60f88b34506e69e682e672ccbb392304251ab023b14adf82237e696bff274b04231ac7a89c
  languageName: node
  linkType: hard

"@metamask/delegation-abis@npm:^0.9.0":
  version: 0.9.0
  resolution: "@metamask/delegation-abis@npm:0.9.0"
  dependencies:
    "@metamask/auto-changelog": "npm:^3.4.4"
  checksum: 10c0/466da985998dc8bc39300bd73b5b939e7f00c4be85bc88e4f12bb53034a2951fe4efe944b9eebe0c71701a2b46a54fca6ace6173af7ec608775a8d54d4a0fcab
  languageName: node
  linkType: hard

"@metamask/delegation-deployments@npm:^0.9.0":
  version: 0.9.0
  resolution: "@metamask/delegation-deployments@npm:0.9.0"
  dependencies:
    "@metamask/auto-changelog": "npm:^3.4.4"
  checksum: 10c0/042ed8f1b73d9555c8e2dd2849d1636d9c2492c95a5a9ab415fde101e028bbead760a330d1765ac4e086d54427294badca75a960fa13144a371bd69c5236664f
  languageName: node
  linkType: hard

"@metamask/delegation-toolkit@npm:^0.10.2":
  version: 0.10.2
  resolution: "@metamask/delegation-toolkit@npm:0.10.2"
  dependencies:
    "@metamask/delegation-utils": "npm:^0.10.0"
    webauthn-p256: "npm:^0.0.5"
  peerDependencies:
    viem: ">=2.18.2 <3.0.0"
  checksum: 10c0/35e7a2eb481d4808744ab90365d7f98fb0242eae49bcc1ec15692e7587f550c2b128fb3cded19a8466d22692fb92885e72b4e06e89ad070be1fd4f72844ba2fc
  languageName: node
  linkType: hard

"@metamask/delegation-utils@npm:^0.10.0":
  version: 0.10.0
  resolution: "@metamask/delegation-utils@npm:0.10.0"
  dependencies:
    "@metamask/delegation-abis": "npm:^0.9.0"
    "@metamask/delegation-deployments": "npm:^0.9.0"
    buffer: "npm:^6.0.3"
  peerDependencies:
    viem: ">=2.18.2 <3.0.0"
  checksum: 10c0/4b94261b24911c7f2a365092e57cff1b59bf84e72cdb56baaf1360bed46e25bc5c5f851295a75454f4ef6f7a2bfc61c07459e385b15dcb48eacda910ea4a53da
  languageName: node
  linkType: hard

"@noble/curves@npm:1.8.2, @noble/curves@npm:~1.8.1":
  version: 1.8.2
  resolution: "@noble/curves@npm:1.8.2"
  dependencies:
    "@noble/hashes": "npm:1.7.2"
  checksum: 10c0/e7ef119b114681d6b7530b29a21f9bbea6fa6973bc369167da2158d05054cc6e6dbfb636ba89fad7707abacc150de30188b33192f94513911b24bdb87af50bbd
  languageName: node
  linkType: hard

"@noble/curves@npm:^1.4.0, @noble/curves@npm:^1.6.0, @noble/curves@npm:~1.9.0":
  version: 1.9.0
  resolution: "@noble/curves@npm:1.9.0"
  dependencies:
    "@noble/hashes": "npm:1.8.0"
  checksum: 10c0/a76d57444b4d136f43363eb19229d990df15a00fb0e2efbf08a7a4cbaee655f73e46eb29b6ad07b8749be5f7b890c0a7a06a19f4324a4b149b06b3da1def8593
  languageName: node
  linkType: hard

"@noble/hashes@npm:1.7.2, @noble/hashes@npm:~1.7.1":
  version: 1.7.2
  resolution: "@noble/hashes@npm:1.7.2"
  checksum: 10c0/b1411eab3c0b6691d847e9394fe7f1fcd45eeb037547c8f97e7d03c5068a499b4aef188e8e717eee67389dca4fee17d69d7e0f58af6c092567b0b76359b114b2
  languageName: node
  linkType: hard

"@noble/hashes@npm:1.8.0, @noble/hashes@npm:^1.4.0, @noble/hashes@npm:^1.5.0, @noble/hashes@npm:~1.8.0":
  version: 1.8.0
  resolution: "@noble/hashes@npm:1.8.0"
  checksum: 10c0/06a0b52c81a6fa7f04d67762e08b2c476a00285858150caeaaff4037356dd5e119f45b2a530f638b77a5eeca013168ec1b655db41bae3236cb2e9d511484fc77
  languageName: node
  linkType: hard

"@scure/base@npm:~1.2.2, @scure/base@npm:~1.2.4, @scure/base@npm:~1.2.5":
  version: 1.2.5
  resolution: "@scure/base@npm:1.2.5"
  checksum: 10c0/078928dbcdd21a037b273b81b8b0bd93af8a325e2ffd535b7ccaadd48ee3c15bab600ec2920a209fca0910abc792cca9b01d3336b472405c407440e6c0aa8bd6
  languageName: node
  linkType: hard

"@scure/bip32@npm:1.6.2":
  version: 1.6.2
  resolution: "@scure/bip32@npm:1.6.2"
  dependencies:
    "@noble/curves": "npm:~1.8.1"
    "@noble/hashes": "npm:~1.7.1"
    "@scure/base": "npm:~1.2.2"
  checksum: 10c0/a0abd62d1fe34b4d90b84feb25fa064ad452fd51be9fd7ea3dcd376059c0e8d08d4fe454099030f43fb91a1bee85cd955f093f221bbc522178919f779fbe565c
  languageName: node
  linkType: hard

"@scure/bip32@npm:^1.5.0":
  version: 1.7.0
  resolution: "@scure/bip32@npm:1.7.0"
  dependencies:
    "@noble/curves": "npm:~1.9.0"
    "@noble/hashes": "npm:~1.8.0"
    "@scure/base": "npm:~1.2.5"
  checksum: 10c0/e3d4c1f207df16abcd79babcdb74d36f89bdafc90bf02218a5140cc5cba25821d80d42957c6705f35210cc5769714ea9501d4ae34732cdd1c26c9ff182a219f7
  languageName: node
  linkType: hard

"@scure/bip39@npm:1.5.4":
  version: 1.5.4
  resolution: "@scure/bip39@npm:1.5.4"
  dependencies:
    "@noble/hashes": "npm:~1.7.1"
    "@scure/base": "npm:~1.2.4"
  checksum: 10c0/0b398b8335b624c16dfb0d81b0e79f80f098bb98e327f1d68ace56636e0c56cc09a240ed3ba9c1187573758242ade7000260d65c15d3a6bcd95ac9cb284b450a
  languageName: node
  linkType: hard

"@scure/bip39@npm:^1.4.0":
  version: 1.6.0
  resolution: "@scure/bip39@npm:1.6.0"
  dependencies:
    "@noble/hashes": "npm:~1.8.0"
    "@scure/base": "npm:~1.2.5"
  checksum: 10c0/73a54b5566a50a3f8348a5cfd74d2092efeefc485efbed83d7a7374ffd9a75defddf446e8e5ea0385e4adb49a94b8ae83c5bad3e16333af400e932f7da3aaff8
  languageName: node
  linkType: hard

"abitype@npm:1.0.8, abitype@npm:^1.0.6":
  version: 1.0.8
  resolution: "abitype@npm:1.0.8"
  peerDependencies:
    typescript: ">=5.0.4"
    zod: ^3 >=3.22.0
  peerDependenciesMeta:
    typescript:
      optional: true
    zod:
      optional: true
  checksum: 10c0/d3393f32898c1f0f6da4eed2561da6830dcd0d5129a160fae9517214236ee6a6c8e5a0380b8b960c5bc1b949320bcbd015ec7f38b5d7444f8f2b854a1b5dd754
  languageName: node
  linkType: hard

"ansi-regex@npm:^5.0.1":
  version: 5.0.1
  resolution: "ansi-regex@npm:5.0.1"
  checksum: 10c0/9a64bb8627b434ba9327b60c027742e5d17ac69277960d041898596271d992d4d52ba7267a63ca10232e29f6107fc8a835f6ce8d719b88c5f8493f8254813737
  languageName: node
  linkType: hard

"ansi-styles@npm:^4.0.0":
  version: 4.3.0
  resolution: "ansi-styles@npm:4.3.0"
  dependencies:
    color-convert: "npm:^2.0.1"
  checksum: 10c0/895a23929da416f2bd3de7e9cb4eabd340949328ab85ddd6e484a637d8f6820d485f53933446f5291c3b760cbc488beb8e88573dd0f9c7daf83dccc8fe81b041
  languageName: node
  linkType: hard

"base64-js@npm:^1.3.1":
  version: 1.5.1
  resolution: "base64-js@npm:1.5.1"
  checksum: 10c0/f23823513b63173a001030fae4f2dabe283b99a9d324ade3ad3d148e218134676f1ee8568c877cd79ec1c53158dcf2d2ba527a97c606618928ba99dd930102bf
  languageName: node
  linkType: hard

"buffer@npm:^6.0.3":
  version: 6.0.3
  resolution: "buffer@npm:6.0.3"
  dependencies:
    base64-js: "npm:^1.3.1"
    ieee754: "npm:^1.2.1"
  checksum: 10c0/2a905fbbcde73cc5d8bd18d1caa23715d5f83a5935867c2329f0ac06104204ba7947be098fe1317fbd8830e26090ff8e764f08cd14fefc977bb248c3487bcbd0
  languageName: node
  linkType: hard

"cliui@npm:^8.0.1":
  version: 8.0.1
  resolution: "cliui@npm:8.0.1"
  dependencies:
    string-width: "npm:^4.2.0"
    strip-ansi: "npm:^6.0.1"
    wrap-ansi: "npm:^7.0.0"
  checksum: 10c0/4bda0f09c340cbb6dfdc1ed508b3ca080f12992c18d68c6be4d9cf51756033d5266e61ec57529e610dacbf4da1c634423b0c1b11037709cc6b09045cbd815df5
  languageName: node
  linkType: hard

"color-convert@npm:^2.0.1":
  version: 2.0.1
  resolution: "color-convert@npm:2.0.1"
  dependencies:
    color-name: "npm:~1.1.4"
  checksum: 10c0/37e1150172f2e311fe1b2df62c6293a342ee7380da7b9cfdba67ea539909afbd74da27033208d01d6d5cfc65ee7868a22e18d7e7648e004425441c0f8a15a7d7
  languageName: node
  linkType: hard

"color-name@npm:~1.1.4":
  version: 1.1.4
  resolution: "color-name@npm:1.1.4"
  checksum: 10c0/a1a3f914156960902f46f7f56bc62effc6c94e84b2cae157a526b1c1f74b677a47ec602bf68a61abfa2b42d15b7c5651c6dbe72a43af720bc588dff885b10f95
  languageName: node
  linkType: hard

"cross-spawn@npm:^7.0.3":
  version: 7.0.6
  resolution: "cross-spawn@npm:7.0.6"
  dependencies:
    path-key: "npm:^3.1.0"
    shebang-command: "npm:^2.0.0"
    which: "npm:^2.0.1"
  checksum: 10c0/053ea8b2135caff68a9e81470e845613e374e7309a47731e81639de3eaeb90c3d01af0e0b44d2ab9d50b43467223b88567dfeb3262db942dc063b9976718ffc1
  languageName: node
  linkType: hard

"diff@npm:^5.0.0":
  version: 5.2.0
  resolution: "diff@npm:5.2.0"
  checksum: 10c0/aed0941f206fe261ecb258dc8d0ceea8abbde3ace5827518ff8d302f0fc9cc81ce116c4d8f379151171336caf0516b79e01abdc1ed1201b6440d895a66689eb4
  languageName: node
  linkType: hard

"emoji-regex@npm:^8.0.0":
  version: 8.0.0
  resolution: "emoji-regex@npm:8.0.0"
  checksum: 10c0/b6053ad39951c4cf338f9092d7bfba448cdfd46fe6a2a034700b149ac9ffbc137e361cbd3c442297f86bed2e5f7576c1b54cc0a6bf8ef5106cc62f496af35010
  languageName: node
  linkType: hard

"escalade@npm:^3.1.1":
  version: 3.2.0
  resolution: "escalade@npm:3.2.0"
  checksum: 10c0/ced4dd3a78e15897ed3be74e635110bbf3b08877b0a41be50dcb325ee0e0b5f65fc2d50e9845194d7c4633f327e2e1c6cce00a71b617c5673df0374201d67f65
  languageName: node
  linkType: hard

"eventemitter3@npm:5.0.1":
  version: 5.0.1
  resolution: "eventemitter3@npm:5.0.1"
  checksum: 10c0/4ba5c00c506e6c786b4d6262cfbce90ddc14c10d4667e5c83ae993c9de88aa856033994dd2b35b83e8dc1170e224e66a319fa80adc4c32adcd2379bbc75da814
  languageName: node
  linkType: hard

"execa@npm:^5.1.1":
  version: 5.1.1
  resolution: "execa@npm:5.1.1"
  dependencies:
    cross-spawn: "npm:^7.0.3"
    get-stream: "npm:^6.0.0"
    human-signals: "npm:^2.1.0"
    is-stream: "npm:^2.0.0"
    merge-stream: "npm:^2.0.0"
    npm-run-path: "npm:^4.0.1"
    onetime: "npm:^5.1.2"
    signal-exit: "npm:^3.0.3"
    strip-final-newline: "npm:^2.0.0"
  checksum: 10c0/c8e615235e8de4c5addf2fa4c3da3e3aa59ce975a3e83533b4f6a71750fb816a2e79610dc5f1799b6e28976c9ae86747a36a606655bf8cb414a74d8d507b304f
  languageName: node
  linkType: hard

"get-caller-file@npm:^2.0.5":
  version: 2.0.5
  resolution: "get-caller-file@npm:2.0.5"
  checksum: 10c0/c6c7b60271931fa752aeb92f2b47e355eac1af3a2673f47c9589e8f8a41adc74d45551c1bc57b5e66a80609f10ffb72b6f575e4370d61cc3f7f3aaff01757cde
  languageName: node
  linkType: hard

"get-stream@npm:^6.0.0":
  version: 6.0.1
  resolution: "get-stream@npm:6.0.1"
  checksum: 10c0/49825d57d3fd6964228e6200a58169464b8e8970489b3acdc24906c782fb7f01f9f56f8e6653c4a50713771d6658f7cfe051e5eb8c12e334138c9c918b296341
  languageName: node
  linkType: hard

"human-signals@npm:^2.1.0":
  version: 2.1.0
  resolution: "human-signals@npm:2.1.0"
  checksum: 10c0/695edb3edfcfe9c8b52a76926cd31b36978782062c0ed9b1192b36bebc75c4c87c82e178dfcb0ed0fc27ca59d434198aac0bd0be18f5781ded775604db22304a
  languageName: node
  linkType: hard

"ieee754@npm:^1.2.1":
  version: 1.2.1
  resolution: "ieee754@npm:1.2.1"
  checksum: 10c0/b0782ef5e0935b9f12883a2e2aa37baa75da6e66ce6515c168697b42160807d9330de9a32ec1ed73149aea02e0d822e572bca6f1e22bdcbd2149e13b050b17bb
  languageName: node
  linkType: hard

"is-fullwidth-code-point@npm:^3.0.0":
  version: 3.0.0
  resolution: "is-fullwidth-code-point@npm:3.0.0"
  checksum: 10c0/bb11d825e049f38e04c06373a8d72782eee0205bda9d908cc550ccb3c59b99d750ff9537982e01733c1c94a58e35400661f57042158ff5e8f3e90cf936daf0fc
  languageName: node
  linkType: hard

"is-stream@npm:^2.0.0":
  version: 2.0.1
  resolution: "is-stream@npm:2.0.1"
  checksum: 10c0/7c284241313fc6efc329b8d7f08e16c0efeb6baab1b4cd0ba579eb78e5af1aa5da11e68559896a2067cd6c526bd29241dda4eb1225e627d5aa1a89a76d4635a5
  languageName: node
  linkType: hard

"isValidSignature@workspace:.":
  version: 0.0.0-use.local
  resolution: "isValidSignature@workspace:."
  dependencies:
    "@metamask/delegation-toolkit": "npm:^0.10.2"
    viem: "npm:^2.28.0"
  languageName: unknown
  linkType: soft

"isexe@npm:^2.0.0":
  version: 2.0.0
  resolution: "isexe@npm:2.0.0"
  checksum: 10c0/228cfa503fadc2c31596ab06ed6aa82c9976eec2bfd83397e7eaf06d0ccf42cd1dfd6743bf9aeb01aebd4156d009994c5f76ea898d2832c1fe342da923ca457d
  languageName: node
  linkType: hard

"isows@npm:1.0.6":
  version: 1.0.6
  resolution: "isows@npm:1.0.6"
  peerDependencies:
    ws: "*"
  checksum: 10c0/f89338f63ce2f497d6cd0f86e42c634209328ebb43b3bdfdc85d8f1589ee75f02b7e6d9e1ba274101d0f6f513b1b8cbe6985e6542b4aaa1f0c5fd50d9c1be95c
  languageName: node
  linkType: hard

"merge-stream@npm:^2.0.0":
  version: 2.0.0
  resolution: "merge-stream@npm:2.0.0"
  checksum: 10c0/867fdbb30a6d58b011449b8885601ec1690c3e41c759ecd5a9d609094f7aed0096c37823ff4a7190ef0b8f22cc86beb7049196ff68c016e3b3c671d0dac91ce5
  languageName: node
  linkType: hard

"mimic-fn@npm:^2.1.0":
  version: 2.1.0
  resolution: "mimic-fn@npm:2.1.0"
  checksum: 10c0/b26f5479d7ec6cc2bce275a08f146cf78f5e7b661b18114e2506dd91ec7ec47e7a25bf4360e5438094db0560bcc868079fb3b1fb3892b833c1ecbf63f80c95a4
  languageName: node
  linkType: hard

"npm-run-path@npm:^4.0.1":
  version: 4.0.1
  resolution: "npm-run-path@npm:4.0.1"
  dependencies:
    path-key: "npm:^3.0.0"
  checksum: 10c0/6f9353a95288f8455cf64cbeb707b28826a7f29690244c1e4bb61ec573256e021b6ad6651b394eb1ccfd00d6ec50147253aba2c5fe58a57ceb111fad62c519ac
  languageName: node
  linkType: hard

"onetime@npm:^5.1.2":
  version: 5.1.2
  resolution: "onetime@npm:5.1.2"
  dependencies:
    mimic-fn: "npm:^2.1.0"
  checksum: 10c0/ffcef6fbb2692c3c40749f31ea2e22677a876daea92959b8a80b521d95cca7a668c884d8b2045d1d8ee7d56796aa405c405462af112a1477594cc63531baeb8f
  languageName: node
  linkType: hard

"ox@npm:0.6.9":
  version: 0.6.9
  resolution: "ox@npm:0.6.9"
  dependencies:
    "@adraffy/ens-normalize": "npm:^1.10.1"
    "@noble/curves": "npm:^1.6.0"
    "@noble/hashes": "npm:^1.5.0"
    "@scure/bip32": "npm:^1.5.0"
    "@scure/bip39": "npm:^1.4.0"
    abitype: "npm:^1.0.6"
    eventemitter3: "npm:5.0.1"
  peerDependencies:
    typescript: ">=5.4.0"
  peerDependenciesMeta:
    typescript:
      optional: true
  checksum: 10c0/02a7ea9795eaac0a7a672e983094f62ae6f19b7d0c786e6d7ef4584683faf535b5b133e42452dd3abb77115382e16b2cb5c0f629d5a0f2b80832c47756e0ecd1
  languageName: node
  linkType: hard

"path-key@npm:^3.0.0, path-key@npm:^3.1.0":
  version: 3.1.1
  resolution: "path-key@npm:3.1.1"
  checksum: 10c0/748c43efd5a569c039d7a00a03b58eecd1d75f3999f5a28303d75f521288df4823bc057d8784eb72358b2895a05f29a070bc9f1f17d28226cc4e62494cc58c4c
  languageName: node
  linkType: hard

"prettier@npm:^2.8.8":
  version: 2.8.8
  resolution: "prettier@npm:2.8.8"
  bin:
    prettier: bin-prettier.js
  checksum: 10c0/463ea8f9a0946cd5b828d8cf27bd8b567345cf02f56562d5ecde198b91f47a76b7ac9eae0facd247ace70e927143af6135e8cf411986b8cb8478784a4d6d724a
  languageName: node
  linkType: hard

"require-directory@npm:^2.1.1":
  version: 2.1.1
  resolution: "require-directory@npm:2.1.1"
  checksum: 10c0/83aa76a7bc1531f68d92c75a2ca2f54f1b01463cb566cf3fbc787d0de8be30c9dbc211d1d46be3497dac5785fe296f2dd11d531945ac29730643357978966e99
  languageName: node
  linkType: hard

"semver@npm:^7.3.5":
  version: 7.7.1
  resolution: "semver@npm:7.7.1"
  bin:
    semver: bin/semver.js
  checksum: 10c0/fd603a6fb9c399c6054015433051bdbe7b99a940a8fb44b85c2b524c4004b023d7928d47cb22154f8d054ea7ee8597f586605e05b52047f048278e4ac56ae958
  languageName: node
  linkType: hard

"shebang-command@npm:^2.0.0":
  version: 2.0.0
  resolution: "shebang-command@npm:2.0.0"
  dependencies:
    shebang-regex: "npm:^3.0.0"
  checksum: 10c0/a41692e7d89a553ef21d324a5cceb5f686d1f3c040759c50aab69688634688c5c327f26f3ecf7001ebfd78c01f3c7c0a11a7c8bfd0a8bc9f6240d4f40b224e4e
  languageName: node
  linkType: hard

"shebang-regex@npm:^3.0.0":
  version: 3.0.0
  resolution: "shebang-regex@npm:3.0.0"
  checksum: 10c0/1dbed0726dd0e1152a92696c76c7f06084eb32a90f0528d11acd764043aacf76994b2fb30aa1291a21bd019d6699164d048286309a278855ee7bec06cf6fb690
  languageName: node
  linkType: hard

"signal-exit@npm:^3.0.3":
  version: 3.0.7
  resolution: "signal-exit@npm:3.0.7"
  checksum: 10c0/25d272fa73e146048565e08f3309d5b942c1979a6f4a58a8c59d5fa299728e9c2fcd1a759ec870863b1fd38653670240cd420dad2ad9330c71f36608a6a1c912
  languageName: node
  linkType: hard

"string-width@npm:^4.1.0, string-width@npm:^4.2.0, string-width@npm:^4.2.3":
  version: 4.2.3
  resolution: "string-width@npm:4.2.3"
  dependencies:
    emoji-regex: "npm:^8.0.0"
    is-fullwidth-code-point: "npm:^3.0.0"
    strip-ansi: "npm:^6.0.1"
  checksum: 10c0/1e525e92e5eae0afd7454086eed9c818ee84374bb80328fc41217ae72ff5f065ef1c9d7f72da41de40c75fa8bb3dee63d92373fd492c84260a552c636392a47b
  languageName: node
  linkType: hard

"strip-ansi@npm:^6.0.0, strip-ansi@npm:^6.0.1":
  version: 6.0.1
  resolution: "strip-ansi@npm:6.0.1"
  dependencies:
    ansi-regex: "npm:^5.0.1"
  checksum: 10c0/1ae5f212a126fe5b167707f716942490e3933085a5ff6c008ab97ab2f272c8025d3aa218b7bd6ab25729ca20cc81cddb252102f8751e13482a5199e873680952
  languageName: node
  linkType: hard

"strip-final-newline@npm:^2.0.0":
  version: 2.0.0
  resolution: "strip-final-newline@npm:2.0.0"
  checksum: 10c0/bddf8ccd47acd85c0e09ad7375409d81653f645fda13227a9d459642277c253d877b68f2e5e4d819fe75733b0e626bac7e954c04f3236f6d196f79c94fa4a96f
  languageName: node
  linkType: hard

"viem@npm:^2.28.0":
  version: 2.28.0
  resolution: "viem@npm:2.28.0"
  dependencies:
    "@noble/curves": "npm:1.8.2"
    "@noble/hashes": "npm:1.7.2"
    "@scure/bip32": "npm:1.6.2"
    "@scure/bip39": "npm:1.5.4"
    abitype: "npm:1.0.8"
    isows: "npm:1.0.6"
    ox: "npm:0.6.9"
    ws: "npm:8.18.1"
  peerDependencies:
    typescript: ">=5.0.4"
  peerDependenciesMeta:
    typescript:
      optional: true
  checksum: 10c0/fb67861c74e0fac54278627dbf15ffdcec41e9ddee3196cca20c137bad2ac0de531037c744095a95498c061b84d76bdf2e069fab0bfb3a76acb23265cba6a97d
  languageName: node
  linkType: hard

"webauthn-p256@npm:^0.0.5":
  version: 0.0.5
  resolution: "webauthn-p256@npm:0.0.5"
  dependencies:
    "@noble/curves": "npm:^1.4.0"
    "@noble/hashes": "npm:^1.4.0"
  checksum: 10c0/8a445dddaf0e699363a0a7bca51742f672dbbec427c1a97618465bfc418df0eff10d3f1cf5e43bcd0cd0dc5abcdaad7914916c06c84107eaf226f5a1d0690c13
  languageName: node
  linkType: hard

"which@npm:^2.0.1":
  version: 2.0.2
  resolution: "which@npm:2.0.2"
  dependencies:
    isexe: "npm:^2.0.0"
  bin:
    node-which: ./bin/node-which
  checksum: 10c0/66522872a768b60c2a65a57e8ad184e5372f5b6a9ca6d5f033d4b0dc98aff63995655a7503b9c0a2598936f532120e81dd8cc155e2e92ed662a2b9377cc4374f
  languageName: node
  linkType: hard

"wrap-ansi@npm:^7.0.0":
  version: 7.0.0
  resolution: "wrap-ansi@npm:7.0.0"
  dependencies:
    ansi-styles: "npm:^4.0.0"
    string-width: "npm:^4.1.0"
    strip-ansi: "npm:^6.0.0"
  checksum: 10c0/d15fc12c11e4cbc4044a552129ebc75ee3f57aa9c1958373a4db0292d72282f54373b536103987a4a7594db1ef6a4f10acf92978f79b98c49306a4b58c77d4da
  languageName: node
  linkType: hard

"ws@npm:8.18.1":
  version: 8.18.1
  resolution: "ws@npm:8.18.1"
  peerDependencies:
    bufferutil: ^4.0.1
    utf-8-validate: ">=5.0.2"
  peerDependenciesMeta:
    bufferutil:
      optional: true
    utf-8-validate:
      optional: true
  checksum: 10c0/e498965d6938c63058c4310ffb6967f07d4fa06789d3364829028af380d299fe05762961742971c764973dce3d1f6a2633fe8b2d9410c9b52e534b4b882a99fa
  languageName: node
  linkType: hard

"y18n@npm:^5.0.5":
  version: 5.0.8
  resolution: "y18n@npm:5.0.8"
  checksum: 10c0/4df2842c36e468590c3691c894bc9cdbac41f520566e76e24f59401ba7d8b4811eb1e34524d57e54bc6d864bcb66baab7ffd9ca42bf1eda596618f9162b91249
  languageName: node
  linkType: hard

"yargs-parser@npm:^21.1.1":
  version: 21.1.1
  resolution: "yargs-parser@npm:21.1.1"
  checksum: 10c0/f84b5e48169479d2f402239c59f084cfd1c3acc197a05c59b98bab067452e6b3ea46d4dd8ba2985ba7b3d32a343d77df0debd6b343e5dae3da2aab2cdf5886b2
  languageName: node
  linkType: hard

"yargs@npm:^17.0.1":
  version: 17.7.2
  resolution: "yargs@npm:17.7.2"
  dependencies:
    cliui: "npm:^8.0.1"
    escalade: "npm:^3.1.1"
    get-caller-file: "npm:^2.0.5"
    require-directory: "npm:^2.1.1"
    string-width: "npm:^4.2.3"
    y18n: "npm:^5.0.5"
    yargs-parser: "npm:^21.1.1"
  checksum: 10c0/ccd7e723e61ad5965fffbb791366db689572b80cca80e0f96aad968dfff4156cd7cd1ad18607afe1046d8241e6fb2d6c08bf7fa7bfb5eaec818735d8feac8f05
  languageName: node
  linkType: hard
